
Microsoft Visual Studio Solution File, Format Version 12.00
# Visual Studio Version 17
VisualStudioVersion = 17.7.34009.444
MinimumVisualStudioVersion = 10.0.40219.1
Project("{FAE04EC0-301F-11D3-BF4B-00C04F79EFBC}") = "Tokopedia", "Pattern Software Design Qualification\Tokopedia.csproj", "{27529507-51DB-4678-914B-ED814F3DC6D8}"
EndProject
Global
	GlobalSection(SolutionConfigurationPlatforms) = preSolution
		Debug|Any CPU = Debug|Any CPU
		Release|Any CPU = Release|Any CPU
	EndGlobalSection
	GlobalSection(ProjectConfigurationPlatforms) = postSolution
		{27529507-51DB-4678-914B-ED814F3DC6D8}.Debug|Any CPU.ActiveCfg = Debug|Any CPU
		{27529507-51DB-4678-914B-ED814F3DC6D8}.Debug|Any CPU.Build.0 = Debug|Any CPU
		{27529507-51DB-4678-914B-ED814F3DC6D8}.Release|Any CPU.ActiveCfg = Release|Any CPU
		{27529507-51DB-4678-914B-ED814F3DC6D8}.Release|Any CPU.Build.0 = Release|Any CPU
	EndGlobalSection
	GlobalSection(SolutionProperties) = preSolution
		HideSolutionNode = FALSE
	EndGlobalSection
	GlobalSection(ExtensibilityGlobals) = postSolution
		SolutionGuid = {25AC5186-A369-4524-9566-879F61ABCFCE}
	EndGlobalSection
EndGlobal
